
Microsoft Visual Studio Solution File, Format Version 12.00
# Visual Studio Version 17
VisualStudioVersion = 17.1.32319.34
MinimumVisualStudioVersion = 10.0.40219.1
Project("{9A19103F-16F7-4668-BE54-9A1E7A4F7556}") = "EmployeeManagementAPI", "WebAPI\EmployeeManagementAPI.csproj", "{2DB4EAE2-4CC7-4EE0-8ABE-DDF0C789C5CF}"
	ProjectSection(ProjectDependencies) = postProject
		{D3FD7D37-7BCD-4350-8F61-9426695A565D} = {D3FD7D37-7BCD-4350-8F61-9426695A565D}
	EndProjectSection
EndProject
Project("{9A19103F-16F7-4668-BE54-9A1E7A4F7556}") = "EmployeeManagement.EfCore", "EfCore\EmployeeManagement.EfCore.csproj", "{F508E068-50B5-4A9D-B90F-A1C17399F5CD}"
EndProject
Project("{9A19103F-16F7-4668-BE54-9A1E7A4F7556}") = "EmployeeManagement.Common", "Common\EmployeeManagement.Common.csproj", "{C782EA27-8284-4B74-B4C4-B3ACEA4DB4BE}"
EndProject
Project("{9A19103F-16F7-4668-BE54-9A1E7A4F7556}") = "EmployeeManagement.Database", "Database\EmployeeManagement.Database.csproj", "{D3FD7D37-7BCD-4350-8F61-9426695A565D}"
EndProject
Project("{2150E333-8FDC-42A3-9474-1A3956D46DE8}") = "BuildingBlocks", "BuildingBlocks", "{932F75C7-D58B-47D5-B67E-7F88FD753B0A}"
EndProject
Project("{9A19103F-16F7-4668-BE54-9A1E7A4F7556}") = "Base.Common", "Base.Common\Base.Common.csproj", "{867C8273-95E1-4299-B64F-D2FBBF434C3B}"
EndProject
Project("{2150E333-8FDC-42A3-9474-1A3956D46DE8}") = "Service", "Service", "{62F0F681-2646-4782-A2A9-660BAD7B6D07}"
EndProject
Project("{9A19103F-16F7-4668-BE54-9A1E7A4F7556}") = "VehicleManagement.Common", "VehicleManagement.Common\VehicleManagement.Common.csproj", "{DA5E772E-C05E-4426-8B83-E9A8EE3F93F8}"
EndProject
Project("{9A19103F-16F7-4668-BE54-9A1E7A4F7556}") = "VehicleManagement.Database", "VehicleManagement.Database\VehicleManagement.Database.csproj", "{D45B23AB-44CE-442F-899C-857000B578E7}"
EndProject
Project("{9A19103F-16F7-4668-BE54-9A1E7A4F7556}") = "VehicleManagement.EfCore", "VehicleManagement.EfCore\VehicleManagement.EfCore.csproj", "{28CE0EF6-5A9B-4EAA-B17E-FFE8491E5484}"
EndProject
Project("{2150E333-8FDC-42A3-9474-1A3956D46DE8}") = "GRPC", "GRPC", "{34EEA1E7-7402-4420-B6EE-A40D6B4AC973}"
EndProject
Project("{9A19103F-16F7-4668-BE54-9A1E7A4F7556}") = "GrpcService", "GrpcService\GrpcService.csproj", "{2E09D29B-39DA-4BCE-882F-9F20277E742E}"
EndProject
Project("{9A19103F-16F7-4668-BE54-9A1E7A4F7556}") = "VehicleManagementAPI", "VehicleManagementAPI\VehicleManagementAPI.csproj", "{221D0AF2-6E94-4505-A621-8E1DEA52C8A5}"
EndProject
Project("{FAE04EC0-301F-11D3-BF4B-00C04F79EFBC}") = "Base.Mongo", "Base.Mongo\Base.Mongo.csproj", "{90F8B57E-BAB4-4500-ABA5-F2F469AC1919}"
EndProject
Global
	GlobalSection(SolutionConfigurationPlatforms) = preSolution
		Debug|Any CPU = Debug|Any CPU
		Release|Any CPU = Release|Any CPU
	EndGlobalSection
	GlobalSection(ProjectConfigurationPlatforms) = postSolution
		{2DB4EAE2-4CC7-4EE0-8ABE-DDF0C789C5CF}.Debug|Any CPU.ActiveCfg = Debug|Any CPU
		{2DB4EAE2-4CC7-4EE0-8ABE-DDF0C789C5CF}.Debug|Any CPU.Build.0 = Debug|Any CPU
		{2DB4EAE2-4CC7-4EE0-8ABE-DDF0C789C5CF}.Release|Any CPU.ActiveCfg = Release|Any CPU
		{2DB4EAE2-4CC7-4EE0-8ABE-DDF0C789C5CF}.Release|Any CPU.Build.0 = Release|Any CPU
		{F508E068-50B5-4A9D-B90F-A1C17399F5CD}.Debug|Any CPU.ActiveCfg = Debug|Any CPU
		{F508E068-50B5-4A9D-B90F-A1C17399F5CD}.Debug|Any CPU.Build.0 = Debug|Any CPU
		{F508E068-50B5-4A9D-B90F-A1C17399F5CD}.Release|Any CPU.ActiveCfg = Release|Any CPU
		{F508E068-50B5-4A9D-B90F-A1C17399F5CD}.Release|Any CPU.Build.0 = Release|Any CPU
		{C782EA27-8284-4B74-B4C4-B3ACEA4DB4BE}.Debug|Any CPU.ActiveCfg = Debug|Any CPU
		{C782EA27-8284-4B74-B4C4-B3ACEA4DB4BE}.Debug|Any CPU.Build.0 = Debug|Any CPU
		{C782EA27-8284-4B74-B4C4-B3ACEA4DB4BE}.Release|Any CPU.ActiveCfg = Release|Any CPU
		{C782EA27-8284-4B74-B4C4-B3ACEA4DB4BE}.Release|Any CPU.Build.0 = Release|Any CPU
		{D3FD7D37-7BCD-4350-8F61-9426695A565D}.Debug|Any CPU.ActiveCfg = Debug|Any CPU
		{D3FD7D37-7BCD-4350-8F61-9426695A565D}.Debug|Any CPU.Build.0 = Debug|Any CPU
		{D3FD7D37-7BCD-4350-8F61-9426695A565D}.Release|Any CPU.ActiveCfg = Release|Any CPU
		{D3FD7D37-7BCD-4350-8F61-9426695A565D}.Release|Any CPU.Build.0 = Release|Any CPU
		{867C8273-95E1-4299-B64F-D2FBBF434C3B}.Debug|Any CPU.ActiveCfg = Debug|Any CPU
		{867C8273-95E1-4299-B64F-D2FBBF434C3B}.Debug|Any CPU.Build.0 = Debug|Any CPU
		{867C8273-95E1-4299-B64F-D2FBBF434C3B}.Release|Any CPU.ActiveCfg = Release|Any CPU
		{867C8273-95E1-4299-B64F-D2FBBF434C3B}.Release|Any CPU.Build.0 = Release|Any CPU
		{DA5E772E-C05E-4426-8B83-E9A8EE3F93F8}.Debug|Any CPU.ActiveCfg = Debug|Any CPU
		{DA5E772E-C05E-4426-8B83-E9A8EE3F93F8}.Debug|Any CPU.Build.0 = Debug|Any CPU
		{DA5E772E-C05E-4426-8B83-E9A8EE3F93F8}.Release|Any CPU.ActiveCfg = Release|Any CPU
		{DA5E772E-C05E-4426-8B83-E9A8EE3F93F8}.Release|Any CPU.Build.0 = Release|Any CPU
		{D45B23AB-44CE-442F-899C-857000B578E7}.Debug|Any CPU.ActiveCfg = Debug|Any CPU
		{D45B23AB-44CE-442F-899C-857000B578E7}.Debug|Any CPU.Build.0 = Debug|Any CPU
		{D45B23AB-44CE-442F-899C-857000B578E7}.Release|Any CPU.ActiveCfg = Release|Any CPU
		{D45B23AB-44CE-442F-899C-857000B578E7}.Release|Any CPU.Build.0 = Release|Any CPU
		{28CE0EF6-5A9B-4EAA-B17E-FFE8491E5484}.Debug|Any CPU.ActiveCfg = Debug|Any CPU
		{28CE0EF6-5A9B-4EAA-B17E-FFE8491E5484}.Debug|Any CPU.Build.0 = Debug|Any CPU
		{28CE0EF6-5A9B-4EAA-B17E-FFE8491E5484}.Release|Any CPU.ActiveCfg = Release|Any CPU
		{28CE0EF6-5A9B-4EAA-B17E-FFE8491E5484}.Release|Any CPU.Build.0 = Release|Any CPU
		{2E09D29B-39DA-4BCE-882F-9F20277E742E}.Debug|Any CPU.ActiveCfg = Debug|Any CPU
		{2E09D29B-39DA-4BCE-882F-9F20277E742E}.Debug|Any CPU.Build.0 = Debug|Any CPU
		{2E09D29B-39DA-4BCE-882F-9F20277E742E}.Release|Any CPU.ActiveCfg = Release|Any CPU
		{2E09D29B-39DA-4BCE-882F-9F20277E742E}.Release|Any CPU.Build.0 = Release|Any CPU
		{221D0AF2-6E94-4505-A621-8E1DEA52C8A5}.Debug|Any CPU.ActiveCfg = Debug|Any CPU
		{221D0AF2-6E94-4505-A621-8E1DEA52C8A5}.Debug|Any CPU.Build.0 = Debug|Any CPU
		{221D0AF2-6E94-4505-A621-8E1DEA52C8A5}.Release|Any CPU.ActiveCfg = Release|Any CPU
		{221D0AF2-6E94-4505-A621-8E1DEA52C8A5}.Release|Any CPU.Build.0 = Release|Any CPU
		{90F8B57E-BAB4-4500-ABA5-F2F469AC1919}.Debug|Any CPU.ActiveCfg = Debug|Any CPU
		{90F8B57E-BAB4-4500-ABA5-F2F469AC1919}.Debug|Any CPU.Build.0 = Debug|Any CPU
		{90F8B57E-BAB4-4500-ABA5-F2F469AC1919}.Release|Any CPU.ActiveCfg = Release|Any CPU
		{90F8B57E-BAB4-4500-ABA5-F2F469AC1919}.Release|Any CPU.Build.0 = Release|Any CPU
	EndGlobalSection
	GlobalSection(SolutionProperties) = preSolution
		HideSolutionNode = FALSE
	EndGlobalSection
	GlobalSection(NestedProjects) = preSolution
		{867C8273-95E1-4299-B64F-D2FBBF434C3B} = {932F75C7-D58B-47D5-B67E-7F88FD753B0A}
		{DA5E772E-C05E-4426-8B83-E9A8EE3F93F8} = {62F0F681-2646-4782-A2A9-660BAD7B6D07}
		{D45B23AB-44CE-442F-899C-857000B578E7} = {62F0F681-2646-4782-A2A9-660BAD7B6D07}
		{28CE0EF6-5A9B-4EAA-B17E-FFE8491E5484} = {62F0F681-2646-4782-A2A9-660BAD7B6D07}
		{2E09D29B-39DA-4BCE-882F-9F20277E742E} = {34EEA1E7-7402-4420-B6EE-A40D6B4AC973}
		{221D0AF2-6E94-4505-A621-8E1DEA52C8A5} = {62F0F681-2646-4782-A2A9-660BAD7B6D07}
		{90F8B57E-BAB4-4500-ABA5-F2F469AC1919} = {932F75C7-D58B-47D5-B67E-7F88FD753B0A}
	EndGlobalSection
	GlobalSection(ExtensibilityGlobals) = postSolution
		SolutionGuid = {6FB78B92-0881-4EEC-95ED-122F95091601}
	EndGlobalSection
EndGlobal
